# This file is automatically @generated by Cargo.
# It is not intended for manual editing.
[[package]]
name = "adler32"
version = "1.0.4"
source = "registry+https://github.com/rust-lang/crates.io-index"
checksum = "5d2e7343e7fc9de883d1b0341e0b13970f764c14101234857d2ddafa1cb1cac2"

[[package]]
name = "arbitrary"
version = "0.4.4"
source = "registry+https://github.com/rust-lang/crates.io-index"
checksum = "c5eb01a9ab8a3369f2f7632b9461c34f5920bd454774bab5b9fc6744f21d6143"

[[package]]
name = "bzip2"
version = "0.3.3"
source = "registry+https://github.com/rust-lang/crates.io-index"
checksum = "42b7c3cbf0fa9c1b82308d57191728ca0256cb821220f4e2fd410a72ade26e3b"
dependencies = [
 "bzip2-sys",
 "libc",
]

[[package]]
name = "bzip2-sys"
version = "0.1.8+1.0.8"
source = "registry+https://github.com/rust-lang/crates.io-index"
checksum = "05305b41c5034ff0e93937ac64133d109b5a2660114ec45e9760bc6816d83038"
dependencies = [
 "cc",
 "libc",
]

[[package]]
name = "cc"
version = "1.0.54"
source = "registry+https://github.com/rust-lang/crates.io-index"
checksum = "7bbb73db36c1246e9034e307d0fba23f9a2e251faa47ade70c1bd252220c8311"
dependencies = [
 "jobserver",
]

[[package]]
name = "cfg-if"
version = "0.1.10"
source = "registry+https://github.com/rust-lang/crates.io-index"
checksum = "4785bdd1c96b2a846b2bd7cc02e86b6b3dbf14e7e53446c4f54c92a361040822"

[[package]]
name = "crc32fast"
version = "1.2.0"
source = "registry+https://github.com/rust-lang/crates.io-index"
checksum = "ba125de2af0df55319f41944744ad91c71113bf74a4646efff39afe1f6842db1"
dependencies = [
 "cfg-if",
]

[[package]]
name = "entab"
version = "0.2.0"
dependencies = [
 "bzip2",
 "flate2",
 "memchr",
 "serde",
 "xz2",
 "zstd",
]

[[package]]
name = "entab-fuzz"
version = "0.0.0"
dependencies = [
 "entab",
 "libfuzzer-sys",
]

[[package]]
name = "flate2"
version = "1.0.14"
source = "registry+https://github.com/rust-lang/crates.io-index"
checksum = "2cfff41391129e0a856d6d822600b8d71179d46879e310417eb9c762eb178b42"
dependencies = [
 "cfg-if",
 "crc32fast",
 "libc",
 "miniz_oxide",
]

[[package]]
name = "glob"
version = "0.3.0"
source = "registry+https://github.com/rust-lang/crates.io-index"
checksum = "9b919933a397b79c37e33b77bb2aa3dc8eb6e165ad809e58ff75bc7db2e34574"

[[package]]
name = "jobserver"
version = "0.1.21"
source = "registry+https://github.com/rust-lang/crates.io-index"
checksum = "5c71313ebb9439f74b00d9d2dcec36440beaf57a6aa0623068441dd7cd81a7f2"
dependencies = [
 "libc",
]

[[package]]
name = "libc"
version = "0.2.70"
source = "registry+https://github.com/rust-lang/crates.io-index"
checksum = "3baa92041a6fec78c687fa0cc2b3fae8884f743d672cf551bed1d6dac6988d0f"

[[package]]
name = "libfuzzer-sys"
version = "0.3.2"
source = "registry+https://github.com/rust-lang/crates.io-index"
checksum = "8d718794b8e23533b9069bd2c4597d69e41cc7ab1c02700a502971aca0cdcf24"
dependencies = [
 "arbitrary",
 "cc",
]

[[package]]
name = "lzma-sys"
version = "0.1.16"
source = "registry+https://github.com/rust-lang/crates.io-index"
checksum = "f24f76ec44a8ac23a31915d6e326bca17ce88da03096f1ff194925dc714dac99"
dependencies = [
 "cc",
 "libc",
 "pkg-config",
]

[[package]]
name = "memchr"
version = "2.3.3"
source = "registry+https://github.com/rust-lang/crates.io-index"
checksum = "3728d817d99e5ac407411fa471ff9800a778d88a24685968b36824eaf4bee400"

[[package]]
name = "miniz_oxide"
version = "0.3.6"
source = "registry+https://github.com/rust-lang/crates.io-index"
checksum = "aa679ff6578b1cddee93d7e82e263b94a575e0bfced07284eb0c037c1d2416a5"
dependencies = [
 "adler32",
]

[[package]]
name = "pkg-config"
version = "0.3.17"
source = "registry+https://github.com/rust-lang/crates.io-index"
checksum = "05da548ad6865900e60eaba7f589cc0783590a92e940c26953ff81ddbab2d677"

[[package]]
name = "proc-macro2"
version = "1.0.15"
source = "registry+https://github.com/rust-lang/crates.io-index"
checksum = "70a50b9351bfa8d65a7d93ce712dc63d2fd15ddbf2c36990fc7cac344859c04f"
dependencies = [
 "unicode-xid",
]

[[package]]
name = "quote"
version = "1.0.6"
source = "registry+https://github.com/rust-lang/crates.io-index"
checksum = "54a21852a652ad6f610c9510194f398ff6f8692e334fd1145fed931f7fbe44ea"
dependencies = [
 "proc-macro2",
]

[[package]]
name = "serde"
version = "1.0.112"
source = "registry+https://github.com/rust-lang/crates.io-index"
checksum = "736aac72d1eafe8e5962d1d1c3d99b0df526015ba40915cb3c49d042e92ec243"
dependencies = [
 "serde_derive",
]

[[package]]
name = "serde_derive"
version = "1.0.112"
source = "registry+https://github.com/rust-lang/crates.io-index"
checksum = "bf0343ce212ac0d3d6afd9391ac8e9c9efe06b533c8d33f660f6390cc4093f57"
dependencies = [
 "proc-macro2",
 "quote",
 "syn",
]

[[package]]
name = "syn"
version = "1.0.23"
source = "registry+https://github.com/rust-lang/crates.io-index"
checksum = "95b5f192649e48a5302a13f2feb224df883b98933222369e4b3b0fe2a5447269"
dependencies = [
 "proc-macro2",
 "quote",
 "unicode-xid",
]

[[package]]
name = "unicode-xid"
version = "0.2.0"
source = "registry+https://github.com/rust-lang/crates.io-index"
checksum = "826e7639553986605ec5979c7dd957c7895e93eabed50ab2ffa7f6128a75097c"

[[package]]
name = "xz2"
version = "0.1.6"
source = "registry+https://github.com/rust-lang/crates.io-index"
checksum = "c179869f34fc7c01830d3ce7ea2086bc3a07e0d35289b667d0a8bf910258926c"
dependencies = [
 "lzma-sys",
]

[[package]]
name = "zstd"
version = "0.5.1+zstd.1.4.4"
source = "registry+https://github.com/rust-lang/crates.io-index"
checksum = "5c5d978b793ae64375b80baf652919b148f6a496ac8802922d9999f5a553194f"
dependencies = [
 "zstd-safe",
]

[[package]]
name = "zstd-safe"
version = "2.0.3+zstd.1.4.4"
source = "registry+https://github.com/rust-lang/crates.io-index"
checksum = "bee25eac9753cfedd48133fa1736cbd23b774e253d89badbeac7d12b23848d3f"
dependencies = [
 "libc",
 "zstd-sys",
]

[[package]]
name = "zstd-sys"
version = "1.4.15+zstd.1.4.4"
source = "registry+https://github.com/rust-lang/crates.io-index"
checksum = "89719b034dc22d240d5b407fb0a3fe6d29952c181cff9a9f95c0bd40b4f8f7d8"
dependencies = [
 "cc",
 "glob",
 "libc",
]
