# This file is automatically @generated by Cargo.
# It is not intended for manual editing.
[[package]]
name = "adler32"
version = "1.0.4"
source = "registry+https://github.com/rust-lang/crates.io-index"
checksum = "5d2e7343e7fc9de883d1b0341e0b13970f764c14101234857d2ddafa1cb1cac2"

[[package]]
name = "bzip2"
version = "0.3.3"
source = "registry+https://github.com/rust-lang/crates.io-index"
checksum = "42b7c3cbf0fa9c1b82308d57191728ca0256cb821220f4e2fd410a72ade26e3b"
dependencies = [
 "bzip2-sys",
 "libc",
]

[[package]]
name = "bzip2-sys"
version = "0.1.8+1.0.8"
source = "registry+https://github.com/rust-lang/crates.io-index"
checksum = "05305b41c5034ff0e93937ac64133d109b5a2660114ec45e9760bc6816d83038"
dependencies = [
 "cc",
 "libc",
]

[[package]]
name = "cc"
version = "1.0.50"
source = "registry+https://github.com/rust-lang/crates.io-index"
checksum = "95e28fa049fda1c330bcf9d723be7663a899c4679724b34c81e9f5a326aab8cd"

[[package]]
name = "cfg-if"
version = "0.1.10"
source = "registry+https://github.com/rust-lang/crates.io-index"
checksum = "4785bdd1c96b2a846b2bd7cc02e86b6b3dbf14e7e53446c4f54c92a361040822"

[[package]]
name = "crc32fast"
version = "1.2.0"
source = "registry+https://github.com/rust-lang/crates.io-index"
checksum = "ba125de2af0df55319f41944744ad91c71113bf74a4646efff39afe1f6842db1"
dependencies = [
 "cfg-if",
]

[[package]]
name = "entab"
version = "0.1.0"
dependencies = [
 "bzip2",
 "flate2",
 "memchr",
 "xz2",
]

[[package]]
name = "flate2"
version = "1.0.13"
source = "registry+https://github.com/rust-lang/crates.io-index"
checksum = "6bd6d6f4752952feb71363cffc9ebac9411b75b87c6ab6058c40c8900cf43c0f"
dependencies = [
 "cfg-if",
 "crc32fast",
 "libc",
 "miniz_oxide",
]

[[package]]
name = "libc"
version = "0.2.67"
source = "registry+https://github.com/rust-lang/crates.io-index"
checksum = "eb147597cdf94ed43ab7a9038716637d2d1bf2bc571da995d0028dec06bd3018"

[[package]]
name = "lzma-sys"
version = "0.1.15"
source = "registry+https://github.com/rust-lang/crates.io-index"
checksum = "53e48818fd597d46155132bbbb9505d6d1b3d360b4ee25cfa91c406f8a90fe91"
dependencies = [
 "cc",
 "libc",
 "pkg-config",
]

[[package]]
name = "memchr"
version = "2.3.3"
source = "registry+https://github.com/rust-lang/crates.io-index"
checksum = "3728d817d99e5ac407411fa471ff9800a778d88a24685968b36824eaf4bee400"

[[package]]
name = "miniz_oxide"
version = "0.3.6"
source = "registry+https://github.com/rust-lang/crates.io-index"
checksum = "aa679ff6578b1cddee93d7e82e263b94a575e0bfced07284eb0c037c1d2416a5"
dependencies = [
 "adler32",
]

[[package]]
name = "pkg-config"
version = "0.3.17"
source = "registry+https://github.com/rust-lang/crates.io-index"
checksum = "05da548ad6865900e60eaba7f589cc0783590a92e940c26953ff81ddbab2d677"

[[package]]
name = "xz2"
version = "0.1.6"
source = "registry+https://github.com/rust-lang/crates.io-index"
checksum = "c179869f34fc7c01830d3ce7ea2086bc3a07e0d35289b667d0a8bf910258926c"
dependencies = [
 "lzma-sys",
]
